
Microsoft Visual Studio Solution File, Format Version 12.00
# Visual Studio Version 16
VisualStudioVersion = 16.0.30114.105
MinimumVisualStudioVersion = 10.0.40219.1
Project("{FAE04EC0-301F-11D3-BF4B-00C04F79EFBC}") = "ecom_UI", "ecom_UI\ecom_UI.csproj", "{0A3EA071-47CB-4C40-AF03-0ABC573864D0}"
EndProject
Project("{FAE04EC0-301F-11D3-BF4B-00C04F79EFBC}") = "ecom_BLL", "ecom_BLL\ecom_BLL.csproj", "{146EA0DA-FEFB-410F-B883-AE5E8474DE17}"
EndProject
Project("{FAE04EC0-301F-11D3-BF4B-00C04F79EFBC}") = "ecom_DAL", "ecom_DAL\ecom_DAL.csproj", "{8F530257-0693-488C-A3FA-D30ACBB6B0F8}"
EndProject
Project("{FAE04EC0-301F-11D3-BF4B-00C04F79EFBC}") = "ecom_BOL", "ecom_BOL\ecom_BOL.csproj", "{86690EB4-25B9-4569-8921-8B60751DC424}"
EndProject
Global
	GlobalSection(SolutionConfigurationPlatforms) = preSolution
		Debug|Any CPU = Debug|Any CPU
		Release|Any CPU = Release|Any CPU
	EndGlobalSection
	GlobalSection(ProjectConfigurationPlatforms) = postSolution
		{0A3EA071-47CB-4C40-AF03-0ABC573864D0}.Debug|Any CPU.ActiveCfg = Debug|Any CPU
		{0A3EA071-47CB-4C40-AF03-0ABC573864D0}.Debug|Any CPU.Build.0 = Debug|Any CPU
		{0A3EA071-47CB-4C40-AF03-0ABC573864D0}.Release|Any CPU.ActiveCfg = Release|Any CPU
		{0A3EA071-47CB-4C40-AF03-0ABC573864D0}.Release|Any CPU.Build.0 = Release|Any CPU
		{146EA0DA-FEFB-410F-B883-AE5E8474DE17}.Debug|Any CPU.ActiveCfg = Debug|Any CPU
		{146EA0DA-FEFB-410F-B883-AE5E8474DE17}.Debug|Any CPU.Build.0 = Debug|Any CPU
		{146EA0DA-FEFB-410F-B883-AE5E8474DE17}.Release|Any CPU.ActiveCfg = Release|Any CPU
		{146EA0DA-FEFB-410F-B883-AE5E8474DE17}.Release|Any CPU.Build.0 = Release|Any CPU
		{8F530257-0693-488C-A3FA-D30ACBB6B0F8}.Debug|Any CPU.ActiveCfg = Debug|Any CPU
		{8F530257-0693-488C-A3FA-D30ACBB6B0F8}.Debug|Any CPU.Build.0 = Debug|Any CPU
		{8F530257-0693-488C-A3FA-D30ACBB6B0F8}.Release|Any CPU.ActiveCfg = Release|Any CPU
		{8F530257-0693-488C-A3FA-D30ACBB6B0F8}.Release|Any CPU.Build.0 = Release|Any CPU
		{86690EB4-25B9-4569-8921-8B60751DC424}.Debug|Any CPU.ActiveCfg = Debug|Any CPU
		{86690EB4-25B9-4569-8921-8B60751DC424}.Debug|Any CPU.Build.0 = Debug|Any CPU
		{86690EB4-25B9-4569-8921-8B60751DC424}.Release|Any CPU.ActiveCfg = Release|Any CPU
		{86690EB4-25B9-4569-8921-8B60751DC424}.Release|Any CPU.Build.0 = Release|Any CPU
	EndGlobalSection
	GlobalSection(SolutionProperties) = preSolution
		HideSolutionNode = FALSE
	EndGlobalSection
	GlobalSection(ExtensibilityGlobals) = postSolution
		SolutionGuid = {EAEFEA5A-2689-44E2-B1D9-72E8DCF0D2E6}
	EndGlobalSection
EndGlobal
